
Microsoft Visual Studio Solution File, Format Version 12.00
# Visual Studio Version 17
VisualStudioVersion = 17.7.34202.233
MinimumVisualStudioVersion = 10.0.40219.1
Project("{FAE04EC0-301F-11D3-BF4B-00C04F79EFBC}") = "Volkov_HW_14", "Volkov_HW_14\Volkov_HW_14.csproj", "{38DDFBD4-4311-404A-A698-253D11195FF3}"
EndProject
Global
	GlobalSection(SolutionConfigurationPlatforms) = preSolution
		Debug|Any CPU = Debug|Any CPU
		Release|Any CPU = Release|Any CPU
	EndGlobalSection
	GlobalSection(ProjectConfigurationPlatforms) = postSolution
		{38DDFBD4-4311-404A-A698-253D11195FF3}.Debug|Any CPU.ActiveCfg = Debug|Any CPU
		{38DDFBD4-4311-404A-A698-253D11195FF3}.Debug|Any CPU.Build.0 = Debug|Any CPU
		{38DDFBD4-4311-404A-A698-253D11195FF3}.Release|Any CPU.ActiveCfg = Release|Any CPU
		{38DDFBD4-4311-404A-A698-253D11195FF3}.Release|Any CPU.Build.0 = Release|Any CPU
	EndGlobalSection
	GlobalSection(SolutionProperties) = preSolution
		HideSolutionNode = FALSE
	EndGlobalSection
	GlobalSection(ExtensibilityGlobals) = postSolution
		SolutionGuid = {EE472FE0-CAAC-47DF-B87D-CAFBD4378390}
	EndGlobalSection
EndGlobal
